
Microsoft Visual Studio Solution File, Format Version 12.00
# Visual Studio 15
VisualStudioVersion = 15.0.26730.15
MinimumVisualStudioVersion = 10.0.40219.1
Project("{9A19103F-16F7-4668-BE54-9A1E7A4F7556}") = "WindowPainter", "WindowPainter\WindowPainter.csproj", "{6C1AF541-12F0-4CD5-9025-EAE28B23B445}"
EndProject
Global
	GlobalSection(SolutionConfigurationPlatforms) = preSolution
		Debug|Any CPU = Debug|Any CPU
		Release|Any CPU = Release|Any CPU
	EndGlobalSection
	GlobalSection(ProjectConfigurationPlatforms) = postSolution
		{6C1AF541-12F0-4CD5-9025-EAE28B23B445}.Debug|Any CPU.ActiveCfg = Debug|Any CPU
		{6C1AF541-12F0-4CD5-9025-EAE28B23B445}.Debug|Any CPU.Build.0 = Debug|Any CPU
		{6C1AF541-12F0-4CD5-9025-EAE28B23B445}.Release|Any CPU.ActiveCfg = Release|Any CPU
		{6C1AF541-12F0-4CD5-9025-EAE28B23B445}.Release|Any CPU.Build.0 = Release|Any CPU
	EndGlobalSection
	GlobalSection(SolutionProperties) = preSolution
		HideSolutionNode = FALSE
	EndGlobalSection
	GlobalSection(ExtensibilityGlobals) = postSolution
		SolutionGuid = {7C607CBE-7A54-48D2-8740-E0CC5FC599C7}
	EndGlobalSection
EndGlobal
